
Microsoft Visual Studio Solution File, Format Version 12.00
# Visual Studio Version 16
VisualStudioVersion = 16.0.31005.135
MinimumVisualStudioVersion = 10.0.40219.1
Project("{FAE04EC0-301F-11D3-BF4B-00C04F79EFBC}") = "Address", "Exercise01\Address.csproj", "{641CB7E2-5235-4F19-ABAD-01C47F3C5D7C}"
EndProject
Project("{FAE04EC0-301F-11D3-BF4B-00C04F79EFBC}") = "Alphabet", "Alphabet\Alphabet.csproj", "{FAFDF42C-32CF-4B83-9436-8012A68AE61D}"
EndProject
Project("{FAE04EC0-301F-11D3-BF4B-00C04F79EFBC}") = "BirthNumber", "BirthNumber\BirthNumber.csproj", "{9EB44C21-CED3-4ECD-A31F-C16A5542EDC1}"
EndProject
Project("{FAE04EC0-301F-11D3-BF4B-00C04F79EFBC}") = "GuessTheNumber", "GuessTheNumber\GuessTheNumber.csproj", "{1C0BB9DF-B713-4A53-A19C-C4CE6B47FDD5}"
EndProject
Project("{FAE04EC0-301F-11D3-BF4B-00C04F79EFBC}") = "WeatherReport", "WeatherReport\WeatherReport.csproj", "{4C5B9BEB-C4DB-459B-905D-A817718A66A0}"
EndProject
Global
	GlobalSection(SolutionConfigurationPlatforms) = preSolution
		Debug|Any CPU = Debug|Any CPU
		Release|Any CPU = Release|Any CPU
	EndGlobalSection
	GlobalSection(ProjectConfigurationPlatforms) = postSolution
		{641CB7E2-5235-4F19-ABAD-01C47F3C5D7C}.Debug|Any CPU.ActiveCfg = Debug|Any CPU
		{641CB7E2-5235-4F19-ABAD-01C47F3C5D7C}.Debug|Any CPU.Build.0 = Debug|Any CPU
		{641CB7E2-5235-4F19-ABAD-01C47F3C5D7C}.Release|Any CPU.ActiveCfg = Release|Any CPU
		{641CB7E2-5235-4F19-ABAD-01C47F3C5D7C}.Release|Any CPU.Build.0 = Release|Any CPU
		{FAFDF42C-32CF-4B83-9436-8012A68AE61D}.Debug|Any CPU.ActiveCfg = Debug|Any CPU
		{FAFDF42C-32CF-4B83-9436-8012A68AE61D}.Debug|Any CPU.Build.0 = Debug|Any CPU
		{FAFDF42C-32CF-4B83-9436-8012A68AE61D}.Release|Any CPU.ActiveCfg = Release|Any CPU
		{FAFDF42C-32CF-4B83-9436-8012A68AE61D}.Release|Any CPU.Build.0 = Release|Any CPU
		{9EB44C21-CED3-4ECD-A31F-C16A5542EDC1}.Debug|Any CPU.ActiveCfg = Debug|Any CPU
		{9EB44C21-CED3-4ECD-A31F-C16A5542EDC1}.Debug|Any CPU.Build.0 = Debug|Any CPU
		{9EB44C21-CED3-4ECD-A31F-C16A5542EDC1}.Release|Any CPU.ActiveCfg = Release|Any CPU
		{9EB44C21-CED3-4ECD-A31F-C16A5542EDC1}.Release|Any CPU.Build.0 = Release|Any CPU
		{1C0BB9DF-B713-4A53-A19C-C4CE6B47FDD5}.Debug|Any CPU.ActiveCfg = Debug|Any CPU
		{1C0BB9DF-B713-4A53-A19C-C4CE6B47FDD5}.Debug|Any CPU.Build.0 = Debug|Any CPU
		{1C0BB9DF-B713-4A53-A19C-C4CE6B47FDD5}.Release|Any CPU.ActiveCfg = Release|Any CPU
		{1C0BB9DF-B713-4A53-A19C-C4CE6B47FDD5}.Release|Any CPU.Build.0 = Release|Any CPU
		{4C5B9BEB-C4DB-459B-905D-A817718A66A0}.Debug|Any CPU.ActiveCfg = Debug|Any CPU
		{4C5B9BEB-C4DB-459B-905D-A817718A66A0}.Debug|Any CPU.Build.0 = Debug|Any CPU
		{4C5B9BEB-C4DB-459B-905D-A817718A66A0}.Release|Any CPU.ActiveCfg = Release|Any CPU
		{4C5B9BEB-C4DB-459B-905D-A817718A66A0}.Release|Any CPU.Build.0 = Release|Any CPU
	EndGlobalSection
	GlobalSection(SolutionProperties) = preSolution
		HideSolutionNode = FALSE
	EndGlobalSection
	GlobalSection(ExtensibilityGlobals) = postSolution
		SolutionGuid = {B67C5577-78FA-41B8-900D-2E134AB302BF}
	EndGlobalSection
EndGlobal
